
Microsoft Visual Studio Solution File, Format Version 12.00
# Visual Studio 15
VisualStudioVersion = 15.0.28307.1831
MinimumVisualStudioVersion = 10.0.40219.1
Project("{FAE04EC0-301F-11D3-BF4B-00C04F79EFBC}") = "Aplikasi NOA", "Aplikasi NOA\Aplikasi NOA.csproj", "{91D1B0B5-A1DE-4BB0-879D-4D6C598EED9B}"
EndProject
Global
	GlobalSection(SolutionConfigurationPlatforms) = preSolution
		Debug|Any CPU = Debug|Any CPU
		Release|Any CPU = Release|Any CPU
	EndGlobalSection
	GlobalSection(ProjectConfigurationPlatforms) = postSolution
		{91D1B0B5-A1DE-4BB0-879D-4D6C598EED9B}.Debug|Any CPU.ActiveCfg = Debug|Any CPU
		{91D1B0B5-A1DE-4BB0-879D-4D6C598EED9B}.Debug|Any CPU.Build.0 = Debug|Any CPU
		{91D1B0B5-A1DE-4BB0-879D-4D6C598EED9B}.Release|Any CPU.ActiveCfg = Release|Any CPU
		{91D1B0B5-A1DE-4BB0-879D-4D6C598EED9B}.Release|Any CPU.Build.0 = Release|Any CPU
	EndGlobalSection
	GlobalSection(SolutionProperties) = preSolution
		HideSolutionNode = FALSE
	EndGlobalSection
	GlobalSection(ExtensibilityGlobals) = postSolution
		SolutionGuid = {725E0AF5-5EE1-4A0E-A445-610C08860DCA}
	EndGlobalSection
EndGlobal
